// !$*UTF8*$!
{
	archiveVersion = 1;
	classes = {
	};
	objectVersion = 56;
	objects = {

/* Begin PBXBuildFile section */
		1D08D6932C78B23900BBDE5E /* CurrencyConverterApp.swift in Sources */ = {isa = PBXBuildFile; fileRef = 1D08D6922C78B23900BBDE5E /* CurrencyConverterApp.swift */; };
		1D08D6952C78B23900BBDE5E /* ContentView.swift in Sources */ = {isa = PBXBuildFile; fileRef = 1D08D6942C78B23900BBDE5E /* ContentView.swift */; };
		1D08D6972C78B23B00BBDE5E /* Assets.xcassets in Resources */ = {isa = PBXBuildFile; fileRef = 1D08D6962C78B23B00BBDE5E /* Assets.xcassets */; };
		1D08D69A2C78B23B00BBDE5E /* Preview Assets.xcassets in Resources */ = {isa = PBXBuildFile; fileRef = 1D08D6992C78B23B00BBDE5E /* Preview Assets.xcassets */; };
		1D08D6A52C78B4A200BBDE5E /* Roboto-Regular.ttf in Resources */ = {isa = PBXBuildFile; fileRef = 1D08D6A22C78B4A200BBDE5E /* Roboto-Regular.ttf */; };
		1D08D6A62C78B4A200BBDE5E /* Roboto-Medium.ttf in Resources */ = {isa = PBXBuildFile; fileRef = 1D08D6A32C78B4A200BBDE5E /* Roboto-Medium.ttf */; };
		1D08D6A72C78B4A200BBDE5E /* Roboto-Bold.ttf in Resources */ = {isa = PBXBuildFile; fileRef = 1D08D6A42C78B4A200BBDE5E /* Roboto-Bold.ttf */; };
		1D08D6A92C79CA4B00BBDE5E /* CountryView.swift in Sources */ = {isa = PBXBuildFile; fileRef = 1D08D6A82C79CA4B00BBDE5E /* CountryView.swift */; };
		1D08D6AB2C79D55C00BBDE5E /* ExchangerView.swift in Sources */ = {isa = PBXBuildFile; fileRef = 1D08D6AA2C79D55C00BBDE5E /* ExchangerView.swift */; };
		1D08D6B22C7A098700BBDE5E /* Config.swift in Sources */ = {isa = PBXBuildFile; fileRef = 1D08D6B12C7A098700BBDE5E /* Config.swift */; };
		1D08D6B42C7A136C00BBDE5E /* CurrencyRate.swift in Sources */ = {isa = PBXBuildFile; fileRef = 1D08D6B32C7A136C00BBDE5E /* CurrencyRate.swift */; };
		1D3F288C2C7C635F002AC60B /* CountryViewModel.swift in Sources */ = {isa = PBXBuildFile; fileRef = 1D3F288B2C7C635F002AC60B /* CountryViewModel.swift */; };
		1DAFAD2C2C7A446F007FCC29 /* NetworkManager.swift in Sources */ = {isa = PBXBuildFile; fileRef = 1DAFAD2B2C7A446F007FCC29 /* NetworkManager.swift */; };
		1DAFAD2E2C7A44EF007FCC29 /* NetworkErrors.swift in Sources */ = {isa = PBXBuildFile; fileRef = 1DAFAD2D2C7A44EF007FCC29 /* NetworkErrors.swift */; };
		1DAFAD302C7A4A61007FCC29 /* ExchangerViewModel.swift in Sources */ = {isa = PBXBuildFile; fileRef = 1DAFAD2F2C7A4A61007FCC29 /* ExchangerViewModel.swift */; };
/* End PBXBuildFile section */

/* Begin PBXFileReference section */
		1D08D68F2C78B23900BBDE5E /* CurrencyConverter.app */ = {isa = PBXFileReference; explicitFileType = wrapper.application; includeInIndex = 0; path = CurrencyConverter.app; sourceTree = BUILT_PRODUCTS_DIR; };
		1D08D6922C78B23900BBDE5E /* CurrencyConverterApp.swift */ = {isa = PBXFileReference; lastKnownFileType = sourcecode.swift; path = CurrencyConverterApp.swift; sourceTree = "<group>"; };
		1D08D6942C78B23900BBDE5E /* ContentView.swift */ = {isa = PBXFileReference; lastKnownFileType = sourcecode.swift; path = ContentView.swift; sourceTree = "<group>"; };
		1D08D6962C78B23B00BBDE5E /* Assets.xcassets */ = {isa = PBXFileReference; lastKnownFileType = folder.assetcatalog; path = Assets.xcassets; sourceTree = "<group>"; };
		1D08D6992C78B23B00BBDE5E /* Preview Assets.xcassets */ = {isa = PBXFileReference; lastKnownFileType = folder.assetcatalog; path = "Preview Assets.xcassets"; sourceTree = "<group>"; };
		1D08D6A02C78B42200BBDE5E /* Info.plist */ = {isa = PBXFileReference; lastKnownFileType = text.plist; path = Info.plist; sourceTree = "<group>"; };
		1D08D6A22C78B4A200BBDE5E /* Roboto-Regular.ttf */ = {isa = PBXFileReference; lastKnownFileType = file; path = "Roboto-Regular.ttf"; sourceTree = "<group>"; };
		1D08D6A32C78B4A200BBDE5E /* Roboto-Medium.ttf */ = {isa = PBXFileReference; lastKnownFileType = file; path = "Roboto-Medium.ttf"; sourceTree = "<group>"; };
		1D08D6A42C78B4A200BBDE5E /* Roboto-Bold.ttf */ = {isa = PBXFileReference; lastKnownFileType = file; path = "Roboto-Bold.ttf"; sourceTree = "<group>"; };
		1D08D6A82C79CA4B00BBDE5E /* CountryView.swift */ = {isa = PBXFileReference; lastKnownFileType = sourcecode.swift; path = CountryView.swift; sourceTree = "<group>"; };
		1D08D6AA2C79D55C00BBDE5E /* ExchangerView.swift */ = {isa = PBXFileReference; lastKnownFileType = sourcecode.swift; path = ExchangerView.swift; sourceTree = "<group>"; };
		1D08D6B12C7A098700BBDE5E /* Config.swift */ = {isa = PBXFileReference; lastKnownFileType = sourcecode.swift; path = Config.swift; sourceTree = "<group>"; };
		1D08D6B32C7A136C00BBDE5E /* CurrencyRate.swift */ = {isa = PBXFileReference; lastKnownFileType = sourcecode.swift; path = CurrencyRate.swift; sourceTree = "<group>"; };
		1D3F288B2C7C635F002AC60B /* CountryViewModel.swift */ = {isa = PBXFileReference; lastKnownFileType = sourcecode.swift; path = CountryViewModel.swift; sourceTree = "<group>"; };
		1DAFAD2B2C7A446F007FCC29 /* NetworkManager.swift */ = {isa = PBXFileReference; lastKnownFileType = sourcecode.swift; path = NetworkManager.swift; sourceTree = "<group>"; };
		1DAFAD2D2C7A44EF007FCC29 /* NetworkErrors.swift */ = {isa = PBXFileReference; lastKnownFileType = sourcecode.swift; path = NetworkErrors.swift; sourceTree = "<group>"; };
		1DAFAD2F2C7A4A61007FCC29 /* ExchangerViewModel.swift */ = {isa = PBXFileReference; lastKnownFileType = sourcecode.swift; path = ExchangerViewModel.swift; sourceTree = "<group>"; };
/* End PBXFileReference section */

/* Begin PBXFrameworksBuildPhase section */
		1D08D68C2C78B23900BBDE5E /* Frameworks */ = {
			isa = PBXFrameworksBuildPhase;
			buildActionMask = 2147483647;
			files = (
			);
			runOnlyForDeploymentPostprocessing = 0;
		};
/* End PBXFrameworksBuildPhase section */

/* Begin PBXGroup section */
		1D08D6862C78B23900BBDE5E = {
			isa = PBXGroup;
			children = (
				1D08D6912C78B23900BBDE5E /* CurrencyConverter */,
				1D08D6902C78B23900BBDE5E /* Products */,
			);
			sourceTree = "<group>";
		};
		1D08D6902C78B23900BBDE5E /* Products */ = {
			isa = PBXGroup;
			children = (
				1D08D68F2C78B23900BBDE5E /* CurrencyConverter.app */,
			);
			name = Products;
			sourceTree = "<group>";
		};
		1D08D6912C78B23900BBDE5E /* CurrencyConverter */ = {
			isa = PBXGroup;
			children = (
				1D08D6922C78B23900BBDE5E /* CurrencyConverterApp.swift */,
				1D08D6B02C7A097800BBDE5E /* Services */,
				1D08D6AC2C7A084C00BBDE5E /* Models */,
				1D08D6AF2C7A08D500BBDE5E /* Views */,
				1D08D6AE2C7A085C00BBDE5E /* ViewModels */,
				1D08D6962C78B23B00BBDE5E /* Assets.xcassets */,
				1D08D6A02C78B42200BBDE5E /* Info.plist */,
				1D08D6A12C78B48F00BBDE5E /* Fonts */,
				1D08D6982C78B23B00BBDE5E /* Preview Content */,
			);
			path = CurrencyConverter;
			sourceTree = "<group>";
		};
		1D08D6982C78B23B00BBDE5E /* Preview Content */ = {
			isa = PBXGroup;
			children = (
				1D08D6992C78B23B00BBDE5E /* Preview Assets.xcassets */,
			);
			path = "Preview Content";
			sourceTree = "<group>";
		};
		1D08D6A12C78B48F00BBDE5E /* Fonts */ = {
			isa = PBXGroup;
			children = (
				1D08D6A42C78B4A200BBDE5E /* Roboto-Bold.ttf */,
				1D08D6A32C78B4A200BBDE5E /* Roboto-Medium.ttf */,
				1D08D6A22C78B4A200BBDE5E /* Roboto-Regular.ttf */,
			);
			path = Fonts;
			sourceTree = "<group>";
		};
		1D08D6AC2C7A084C00BBDE5E /* Models */ = {
			isa = PBXGroup;
			children = (
				1D08D6B32C7A136C00BBDE5E /* CurrencyRate.swift */,
			);
			path = Models;
			sourceTree = "<group>";
		};
		1D08D6AE2C7A085C00BBDE5E /* ViewModels */ = {
			isa = PBXGroup;
			children = (
				1DAFAD2F2C7A4A61007FCC29 /* ExchangerViewModel.swift */,
				1D3F288B2C7C635F002AC60B /* CountryViewModel.swift */,
			);
			path = ViewModels;
			sourceTree = "<group>";
		};
		1D08D6AF2C7A08D500BBDE5E /* Views */ = {
			isa = PBXGroup;
			children = (
				1D08D6942C78B23900BBDE5E /* ContentView.swift */,
				1D08D6AA2C79D55C00BBDE5E /* ExchangerView.swift */,
				1D08D6A82C79CA4B00BBDE5E /* CountryView.swift */,
			);
			path = Views;
			sourceTree = "<group>";
		};
		1D08D6B02C7A097800BBDE5E /* Services */ = {
			isa = PBXGroup;
			children = (
				1D08D6B12C7A098700BBDE5E /* Config.swift */,
				1DAFAD2D2C7A44EF007FCC29 /* NetworkErrors.swift */,
				1DAFAD2B2C7A446F007FCC29 /* NetworkManager.swift */,
			);
			path = Services;
			sourceTree = "<group>";
		};
/* End PBXGroup section */

/* Begin PBXNativeTarget section */
		1D08D68E2C78B23900BBDE5E /* CurrencyConverter */ = {
			isa = PBXNativeTarget;
			buildConfigurationList = 1D08D69D2C78B23B00BBDE5E /* Build configuration list for PBXNativeTarget "CurrencyConverter" */;
			buildPhases = (
				1D08D68B2C78B23900BBDE5E /* Sources */,
				1D08D68C2C78B23900BBDE5E /* Frameworks */,
				1D08D68D2C78B23900BBDE5E /* Resources */,
			);
			buildRules = (
			);
			dependencies = (
			);
			name = CurrencyConverter;
			productName = CurrencyConverter;
			productReference = 1D08D68F2C78B23900BBDE5E /* CurrencyConverter.app */;
			productType = "com.apple.product-type.application";
		};
/* End PBXNativeTarget section */

/* Begin PBXProject section */
		1D08D6872C78B23900BBDE5E /* Project object */ = {
			isa = PBXProject;
			attributes = {
				BuildIndependentTargetsInParallel = 1;
				LastSwiftUpdateCheck = 1540;
				LastUpgradeCheck = 1540;
				TargetAttributes = {
					1D08D68E2C78B23900BBDE5E = {
						CreatedOnToolsVersion = 15.4;
					};
				};
			};
			buildConfigurationList = 1D08D68A2C78B23900BBDE5E /* Build configuration list for PBXProject "CurrencyConverter" */;
			compatibilityVersion = "Xcode 14.0";
			developmentRegion = en;
			hasScannedForEncodings = 0;
			knownRegions = (
				en,
				Base,
			);
			mainGroup = 1D08D6862C78B23900BBDE5E;
			productRefGroup = 1D08D6902C78B23900BBDE5E /* Products */;
			projectDirPath = "";
			projectRoot = "";
			targets = (
				1D08D68E2C78B23900BBDE5E /* CurrencyConverter */,
			);
		};
/* End PBXProject section */

/* Begin PBXResourcesBuildPhase section */
		1D08D68D2C78B23900BBDE5E /* Resources */ = {
			isa = PBXResourcesBuildPhase;
			buildActionMask = 2147483647;
			files = (
				1D08D6A62C78B4A200BBDE5E /* Roboto-Medium.ttf in Resources */,
				1D08D6A52C78B4A200BBDE5E /* Roboto-Regular.ttf in Resources */,
				1D08D6A72C78B4A200BBDE5E /* Roboto-Bold.ttf in Resources */,
				1D08D69A2C78B23B00BBDE5E /* Preview Assets.xcassets in Resources */,
				1D08D6972C78B23B00BBDE5E /* Assets.xcassets in Resources */,
			);
			runOnlyForDeploymentPostprocessing = 0;
		};
/* End PBXResourcesBuildPhase section */

/* Begin PBXSourcesBuildPhase section */
		1D08D68B2C78B23900BBDE5E /* Sources */ = {
			isa = PBXSourcesBuildPhase;
			buildActionMask = 2147483647;
			files = (
				1D08D6A92C79CA4B00BBDE5E /* CountryView.swift in Sources */,
				1D08D6952C78B23900BBDE5E /* ContentView.swift in Sources */,
				1DAFAD302C7A4A61007FCC29 /* ExchangerViewModel.swift in Sources */,
				1D08D6B22C7A098700BBDE5E /* Config.swift in Sources */,
				1DAFAD2C2C7A446F007FCC29 /* NetworkManager.swift in Sources */,
				1D08D6AB2C79D55C00BBDE5E /* ExchangerView.swift in Sources */,
				1DAFAD2E2C7A44EF007FCC29 /* NetworkErrors.swift in Sources */,
				1D08D6B42C7A136C00BBDE5E /* CurrencyRate.swift in Sources */,
				1D08D6932C78B23900BBDE5E /* CurrencyConverterApp.swift in Sources */,
				1D3F288C2C7C635F002AC60B /* CountryViewModel.swift in Sources */,
			);
			runOnlyForDeploymentPostprocessing = 0;
		};
/* End PBXSourcesBuildPhase section */

/* Begin XCBuildConfiguration section */
		1D08D69B2C78B23B00BBDE5E /* Debug */ = {
			isa = XCBuildConfiguration;
			buildSettings = {
				ALWAYS_SEARCH_USER_PATHS = NO;
				ASSETCATALOG_COMPILER_GENERATE_SWIFT_ASSET_SYMBOL_EXTENSIONS = YES;
				CLANG_ANALYZER_NONNULL = YES;
				CLANG_ANALYZER_NUMBER_OBJECT_CONVERSION = YES_AGGRESSIVE;
				CLANG_CXX_LANGUAGE_STANDARD = "gnu++20";
				CLANG_ENABLE_MODULES = YES;
				CLANG_ENABLE_OBJC_ARC = YES;
				CLANG_ENABLE_OBJC_WEAK = YES;
				CLANG_WARN_BLOCK_CAPTURE_AUTORELEASING = YES;
				CLANG_WARN_BOOL_CONVERSION = YES;
				CLANG_WARN_COMMA = YES;
				CLANG_WARN_CONSTANT_CONVERSION = YES;
				CLANG_WARN_DEPRECATED_OBJC_IMPLEMENTATIONS = YES;
				CLANG_WARN_DIRECT_OBJC_ISA_USAGE = YES_ERROR;
				CLANG_WARN_DOCUMENTATION_COMMENTS = YES;
				CLANG_WARN_EMPTY_BODY = YES;
				CLANG_WARN_ENUM_CONVERSION = YES;
				CLANG_WARN_INFINITE_RECURSION = YES;
				CLANG_WARN_INT_CONVERSION = YES;
				CLANG_WARN_NON_LITERAL_NULL_CONVERSION = YES;
				CLANG_WARN_OBJC_IMPLICIT_RETAIN_SELF = YES;
				CLANG_WARN_OBJC_LITERAL_CONVERSION = YES;
				CLANG_WARN_OBJC_ROOT_CLASS = YES_ERROR;
				CLANG_WARN_QUOTED_INCLUDE_IN_FRAMEWORK_HEADER = YES;
				CLANG_WARN_RANGE_LOOP_ANALYSIS = YES;
				CLANG_WARN_STRICT_PROTOTYPES = YES;
				CLANG_WARN_SUSPICIOUS_MOVE = YES;
				CLANG_WARN_UNGUARDED_AVAILABILITY = YES_AGGRESSIVE;
				CLANG_WARN_UNREACHABLE_CODE = YES;
				CLANG_WARN__DUPLICATE_METHOD_MATCH = YES;
				COPY_PHASE_STRIP = NO;
				DEBUG_INFORMATION_FORMAT = dwarf;
				ENABLE_STRICT_OBJC_MSGSEND = YES;
				ENABLE_TESTABILITY = YES;
				ENABLE_USER_SCRIPT_SANDBOXING = YES;
				GCC_C_LANGUAGE_STANDARD = gnu17;
				GCC_DYNAMIC_NO_PIC = NO;
				GCC_NO_COMMON_BLOCKS = YES;
				GCC_OPTIMIZATION_LEVEL = 0;
				GCC_PREPROCESSOR_DEFINITIONS = (
					"DEBUG=1",
					"$(inherited)",
				);
				GCC_WARN_64_TO_32_BIT_CONVERSION = YES;
				GCC_WARN_ABOUT_RETURN_TYPE = YES_ERROR;
				GCC_WARN_UNDECLARED_SELECTOR = YES;
				GCC_WARN_UNINITIALIZED_AUTOS = YES_AGGRESSIVE;
				GCC_WARN_UNUSED_FUNCTION = YES;
				GCC_WARN_UNUSED_VARIABLE = YES;
				IPHONEOS_DEPLOYMENT_TARGET = 17.5;
				LOCALIZATION_PREFERS_STRING_CATALOGS = YES;
				MTL_ENABLE_DEBUG_INFO = INCLUDE_SOURCE;
				MTL_FAST_MATH = YES;
				ONLY_ACTIVE_ARCH = YES;
				SDKROOT = iphoneos;
				SWIFT_ACTIVE_COMPILATION_CONDITIONS = "DEBUG $(inherited)";
				SWIFT_OPTIMIZATION_LEVEL = "-Onone";
			};
			name = Debug;
		};
		1D08D69C2C78B23B00BBDE5E /* Release */ = {
			isa = XCBuildConfiguration;
			buildSettings = {
				ALWAYS_SEARCH_USER_PATHS = NO;
				ASSETCATALOG_COMPILER_GENERATE_SWIFT_ASSET_SYMBOL_EXTENSIONS = YES;
				CLANG_ANALYZER_NONNULL = YES;
				CLANG_ANALYZER_NUMBER_OBJECT_CONVERSION = YES_AGGRESSIVE;
				CLANG_CXX_LANGUAGE_STANDARD = "gnu++20";
				CLANG_ENABLE_MODULES = YES;
				CLANG_ENABLE_OBJC_ARC = YES;
				CLANG_ENABLE_OBJC_WEAK = YES;
				CLANG_WARN_BLOCK_CAPTURE_AUTORELEASING = YES;
				CLANG_WARN_BOOL_CONVERSION = YES;
				CLANG_WARN_COMMA = YES;
				CLANG_WARN_CONSTANT_CONVERSION = YES;
				CLANG_WARN_DEPRECATED_OBJC_IMPLEMENTATIONS = YES;
				CLANG_WARN_DIRECT_OBJC_ISA_USAGE = YES_ERROR;
				CLANG_WARN_DOCUMENTATION_COMMENTS = YES;
				CLANG_WARN_EMPTY_BODY = YES;
				CLANG_WARN_ENUM_CONVERSION = YES;
				CLANG_WARN_INFINITE_RECURSION = YES;
				CLANG_WARN_INT_CONVERSION = YES;
				CLANG_WARN_NON_LITERAL_NULL_CONVERSION = YES;
				CLANG_WARN_OBJC_IMPLICIT_RETAIN_SELF = YES;
				CLANG_WARN_OBJC_LITERAL_CONVERSION = YES;
				CLANG_WARN_OBJC_ROOT_CLASS = YES_ERROR;
				CLANG_WARN_QUOTED_INCLUDE_IN_FRAMEWORK_HEADER = YES;
				CLANG_WARN_RANGE_LOOP_ANALYSIS = YES;
				CLANG_WARN_STRICT_PROTOTYPES = YES;
				CLANG_WARN_SUSPICIOUS_MOVE = YES;
				CLANG_WARN_UNGUARDED_AVAILABILITY = YES_AGGRESSIVE;
				CLANG_WARN_UNREACHABLE_CODE = YES;
				CLANG_WARN__DUPLICATE_METHOD_MATCH = YES;
				COPY_PHASE_STRIP = NO;
				DEBUG_INFORMATION_FORMAT = "dwarf-with-dsym";
				ENABLE_NS_ASSERTIONS = NO;
				ENABLE_STRICT_OBJC_MSGSEND = YES;
				ENABLE_USER_SCRIPT_SANDBOXING = YES;
				GCC_C_LANGUAGE_STANDARD = gnu17;
				GCC_NO_COMMON_BLOCKS = YES;
				GCC_WARN_64_TO_32_BIT_CONVERSION = YES;
				GCC_WARN_ABOUT_RETURN_TYPE = YES_ERROR;
				GCC_WARN_UNDECLARED_SELECTOR = YES;
				GCC_WARN_UNINITIALIZED_AUTOS = YES_AGGRESSIVE;
				GCC_WARN_UNUSED_FUNCTION = YES;
				GCC_WARN_UNUSED_VARIABLE = YES;
				IPHONEOS_DEPLOYMENT_TARGET = 17.5;
				LOCALIZATION_PREFERS_STRING_CATALOGS = YES;
				MTL_ENABLE_DEBUG_INFO = NO;
				MTL_FAST_MATH = YES;
				SDKROOT = iphoneos;
				SWIFT_COMPILATION_MODE = wholemodule;
				VALIDATE_PRODUCT = YES;
			};
			name = Release;
		};
		1D08D69E2C78B23B00BBDE5E /* Debug */ = {
			isa = XCBuildConfiguration;
			buildSettings = {
				ASSETCATALOG_COMPILER_APPICON_NAME = AppIcon;
				ASSETCATALOG_COMPILER_GLOBAL_ACCENT_COLOR_NAME = AccentColor;
				CODE_SIGN_STYLE = Automatic;
				CURRENT_PROJECT_VERSION = 1;
				DEVELOPMENT_ASSET_PATHS = "\"CurrencyConverter/Preview Content\"";
				DEVELOPMENT_TEAM = W8RLJ8MS39;
				ENABLE_PREVIEWS = YES;
				GENERATE_INFOPLIST_FILE = YES;
				INFOPLIST_FILE = CurrencyConverter/Info.plist;
				INFOPLIST_KEY_UIApplicationSceneManifest_Generation = YES;
				INFOPLIST_KEY_UIApplicationSupportsIndirectInputEvents = YES;
				INFOPLIST_KEY_UILaunchScreen_Generation = YES;
				INFOPLIST_KEY_UISupportedInterfaceOrientations_iPad = "UIInterfaceOrientationPortrait UIInterfaceOrientationPortraitUpsideDown UIInterfaceOrientationLandscapeLeft UIInterfaceOrientationLandscapeRight";
				INFOPLIST_KEY_UISupportedInterfaceOrientations_iPhone = "UIInterfaceOrientationPortrait UIInterfaceOrientationLandscapeLeft UIInterfaceOrientationLandscapeRight";
				LD_RUNPATH_SEARCH_PATHS = (
					"$(inherited)",
					"@executable_path/Frameworks",
				);
				MARKETING_VERSION = 1.0;
				PRODUCT_BUNDLE_IDENTIFIER = valehjr.CurrencyConverter;
				PRODUCT_NAME = "$(TARGET_NAME)";
				SWIFT_EMIT_LOC_STRINGS = YES;
				SWIFT_VERSION = 5.0;
				TARGETED_DEVICE_FAMILY = "1,2";
			};
			name = Debug;
		};
		1D08D69F2C78B23B00BBDE5E /* Release */ = {
			isa = XCBuildConfiguration;
			buildSettings = {
				ASSETCATALOG_COMPILER_APPICON_NAME = AppIcon;
				ASSETCATALOG_COMPILER_GLOBAL_ACCENT_COLOR_NAME = AccentColor;
				CODE_SIGN_STYLE = Automatic;
				CURRENT_PROJECT_VERSION = 1;
				DEVELOPMENT_ASSET_PATHS = "\"CurrencyConverter/Preview Content\"";
				DEVELOPMENT_TEAM = W8RLJ8MS39;
				ENABLE_PREVIEWS = YES;
				GENERATE_INFOPLIST_FILE = YES;
				INFOPLIST_FILE = CurrencyConverter/Info.plist;
				INFOPLIST_KEY_UIApplicationSceneManifest_Generation = YES;
				INFOPLIST_KEY_UIApplicationSupportsIndirectInputEvents = YES;
				INFOPLIST_KEY_UILaunchScreen_Generation = YES;
				INFOPLIST_KEY_UISupportedInterfaceOrientations_iPad = "UIInterfaceOrientationPortrait UIInterfaceOrientationPortraitUpsideDown UIInterfaceOrientationLandscapeLeft UIInterfaceOrientationLandscapeRight";
				INFOPLIST_KEY_UISupportedInterfaceOrientations_iPhone = "UIInterfaceOrientationPortrait UIInterfaceOrientationLandscapeLeft UIInterfaceOrientationLandscapeRight";
				LD_RUNPATH_SEARCH_PATHS = (
					"$(inherited)",
					"@executable_path/Frameworks",
				);
				MARKETING_VERSION = 1.0;
				PRODUCT_BUNDLE_IDENTIFIER = valehjr.CurrencyConverter;
				PRODUCT_NAME = "$(TARGET_NAME)";
				SWIFT_EMIT_LOC_STRINGS = YES;
				SWIFT_VERSION = 5.0;
				TARGETED_DEVICE_FAMILY = "1,2";
			};
			name = Release;
		};
/* End XCBuildConfiguration section */

/* Begin XCConfigurationList section */
		1D08D68A2C78B23900BBDE5E /* Build configuration list for PBXProject "CurrencyConverter" */ = {
			isa = XCConfigurationList;
			buildConfigurations = (
				1D08D69B2C78B23B00BBDE5E /* Debug */,
				1D08D69C2C78B23B00BBDE5E /* Release */,
			);
			defaultConfigurationIsVisible = 0;
			defaultConfigurationName = Release;
		};
		1D08D69D2C78B23B00BBDE5E /* Build configuration list for PBXNativeTarget "CurrencyConverter" */ = {
			isa = XCConfigurationList;
			buildConfigurations = (
				1D08D69E2C78B23B00BBDE5E /* Debug */,
				1D08D69F2C78B23B00BBDE5E /* Release */,
			);
			defaultConfigurationIsVisible = 0;
			defaultConfigurationName = Release;
		};
/* End XCConfigurationList section */
	};
	rootObject = 1D08D6872C78B23900BBDE5E /* Project object */;
}
